<?xml version="1.0" encoding="utf-8"?>
<Project ToolsVersion="4.0" xmlns="http://schemas.microsoft.com/developer/msbuild/2003">
  <ItemGroup>
    <Filter Include="Archivos de origen">
      <UniqueIdentifier>{4FC737F1-C7A5-4376-A066-2A32D752A2FF}</UniqueIdentifier>
      <Extensions>cpp;c;cc;cxx;def;odl;idl;hpj;bat;asm;asmx</Extensions>
    </Filter>
    <Filter Include="Archivos de encabezado">
      <UniqueIdentifier>{93995380-89BD-4b04-88EB-625FBE52EBFB}</UniqueIdentifier>
      <Extensions>h;hh;hpp;hxx;hm;inl;inc;ipp;xsd</Extensions>
    </Filter>
    <Filter Include="Archivos de recursos">
      <UniqueIdentifier>{67DA6AB6-F800-4c08-8B7A-83BB121AAD01}</UniqueIdentifier>
      <Extensions>rc;ico;cur;bmp;dlg;rc2;rct;bin;rgs;gif;jpg;jpeg;jpe;resx;tiff;tif;png;wav;mfcribbon-ms</Extensions>
    </Filter>
    <Filter Include="Archivos de encabezado\particle">
      <UniqueIdentifier>{bc77ba1a-e9f9-4a6b-907b-29cc1899524e}</UniqueIdentifier>
    </Filter>
    <Filter Include="Archivos de encabezado\particle\forceGenerators">
      <UniqueIdentifier>{2be3d313-f4cb-4f0c-b3e9-64da46fc8984}</UniqueIdentifier>
    </Filter>
    <Filter Include="Archivos de origen\particle">
      <UniqueIdentifier>{09b76ec8-f00f-40dd-96fb-2222317e2a48}</UniqueIdentifier>
    </Filter>
    <Filter Include="Archivos de origen\particle\forceGenerator">
      <UniqueIdentifier>{fa2a36cb-418b-4b47-838b-e21c8955f7fd}</UniqueIdentifier>
    </Filter>
    <Filter Include="Archivos de origen\particle\collisionProcessing">
      <UniqueIdentifier>{0c4e05fc-d57d-45cd-9824-773a0662dd65}</UniqueIdentifier>
    </Filter>
    <Filter Include="Archivos de encabezado\particle\collisionProcessing">
      <UniqueIdentifier>{ceaa33d2-d25f-4e91-86f7-b2106e388de6}</UniqueIdentifier>
    </Filter>
    <Filter Include="Archivos de encabezado\rigidbody">
      <UniqueIdentifier>{6cda92bf-c5b0-40da-876e-094575cc8e4a}</UniqueIdentifier>
    </Filter>
    <Filter Include="Archivos de origen\rigidbody">
      <UniqueIdentifier>{f8690261-981f-47e0-84e7-202ab89071e3}</UniqueIdentifier>
    </Filter>
    <Filter Include="Archivos de encabezado\rigidbody\forceGenerators">
      <UniqueIdentifier>{94c2e277-03d0-4a3f-82f1-5bd202876385}</UniqueIdentifier>
    </Filter>
    <Filter Include="Archivos de encabezado\rigidbody\collisionProcessing">
      <UniqueIdentifier>{3fc004d3-cf71-4440-9742-3436919c98d8}</UniqueIdentifier>
    </Filter>
    <Filter Include="Archivos de origen\rigidbody\forceGenerators">
      <UniqueIdentifier>{ee48d13b-1f1d-4946-aa01-8ccf1bff0647}</UniqueIdentifier>
    </Filter>
    <Filter Include="Archivos de origen\rigidbody\collisionProcessing">
      <UniqueIdentifier>{79eb7580-624e-4e4d-96cb-9300f6435685}</UniqueIdentifier>
    </Filter>
    <Filter Include="Archivos de encabezado\utils">
      <UniqueIdentifier>{4d74ec79-6fe6-4aeb-96dd-e9ac03e861ca}</UniqueIdentifier>
    </Filter>
    <Filter Include="Archivos de origen\utils">
      <UniqueIdentifier>{43c67250-065b-4c3a-8e38-1f799f2cc014}</UniqueIdentifier>
    </Filter>
  </ItemGroup>
  <ItemGroup>
    <ClInclude Include="framework.h">
      <Filter>Archivos de encabezado</Filter>
    </ClInclude>
    <ClInclude Include="pch.h">
      <Filter>Archivos de encabezado</Filter>
    </ClInclude>
    <ClInclude Include="source\particle\Particle.h">
      <Filter>Archivos de encabezado\particle</Filter>
    </ClInclude>
    <ClInclude Include="source\particle\forceGenerators\ParticleDrag.h">
      <Filter>Archivos de encabezado\particle\forceGenerators</Filter>
    </ClInclude>
    <ClInclude Include="source\particle\forceGenerators\ParticleGravity.h">
      <Filter>Archivos de encabezado\particle\forceGenerators</Filter>
    </ClInclude>
    <ClInclude Include="NPhysicsEngine.h">
      <Filter>Archivos de encabezado</Filter>
    </ClInclude>
    <ClInclude Include="source\particle\forceGenerators\ParticleBuoyancy.h">
      <Filter>Archivos de encabezado\particle\forceGenerators</Filter>
    </ClInclude>
    <ClInclude Include="source\particle\forceGenerators\ParticleImpulse.h">
      <Filter>Archivos de encabezado\particle\forceGenerators</Filter>
    </ClInclude>
    <ClInclude Include="source\particle\collisionProcessing\ParticleContact.h">
      <Filter>Archivos de encabezado\particle\collisionProcessing</Filter>
    </ClInclude>
    <ClInclude Include="source\particle\collisionProcessing\ParticleContactResolver.h">
      <Filter>Archivos de encabezado\particle\collisionProcessing</Filter>
    </ClInclude>
    <ClInclude Include="source\particle\collisionProcessing\ParticleCable.h">
      <Filter>Archivos de encabezado\particle\collisionProcessing</Filter>
    </ClInclude>
    <ClInclude Include="source\particle\collisionProcessing\ParticleLink.h">
      <Filter>Archivos de encabezado\particle\collisionProcessing</Filter>
    </ClInclude>
    <ClInclude Include="source\particle\collisionProcessing\ParticleRod.h">
      <Filter>Archivos de encabezado\particle\collisionProcessing</Filter>
    </ClInclude>
    <ClInclude Include="source\rigidbody\RigidBody.h">
      <Filter>Archivos de encabezado\rigidbody</Filter>
    </ClInclude>
    <ClInclude Include="source\particle\ParticlePhysicsEngine.h">
      <Filter>Archivos de encabezado\particle</Filter>
    </ClInclude>
    <ClInclude Include="source\rigidbody\RigidBodyPhysicsEngine.h">
      <Filter>Archivos de encabezado\rigidbody</Filter>
    </ClInclude>
    <ClInclude Include="source\rigidbody\forceGenerators\RigidBodyGravity.h">
      <Filter>Archivos de encabezado\rigidbody\forceGenerators</Filter>
    </ClInclude>
    <ClInclude Include="source\IForceGenerator.h">
      <Filter>Archivos de encabezado</Filter>
    </ClInclude>
    <ClInclude Include="source\ForceRegistry.h">
      <Filter>Archivos de encabezado</Filter>
    </ClInclude>
    <ClInclude Include="source\rigidbody\forceGenerators\RigidBodyBuoyancy.h">
      <Filter>Archivos de encabezado\rigidbody\forceGenerators</Filter>
    </ClInclude>
    <ClInclude Include="source\rigidbody\forceGenerators\RigidBodyDrag.h">
      <Filter>Archivos de encabezado\rigidbody\forceGenerators</Filter>
    </ClInclude>
    <ClInclude Include="source\PhysicsObject.h">
      <Filter>Archivos de encabezado</Filter>
    </ClInclude>
    <ClInclude Include="source\utils\Math.h">
      <Filter>Archivos de encabezado\utils</Filter>
    </ClInclude>
  </ItemGroup>
  <ItemGroup>
    <ClCompile Include="pch.cpp">
      <Filter>Archivos de origen</Filter>
    </ClCompile>
    <ClCompile Include="source\particle\Particle.cpp">
      <Filter>Archivos de origen\particle</Filter>
    </ClCompile>
    <ClCompile Include="source\particle\forceGenerators\ParticleDrag.cpp">
      <Filter>Archivos de origen\particle\forceGenerator</Filter>
    </ClCompile>
    <ClCompile Include="source\particle\forceGenerators\ParticleGravity.cpp">
      <Filter>Archivos de origen\particle\forceGenerator</Filter>
    </ClCompile>
    <ClCompile Include="NPhysicsEngine.cpp">
      <Filter>Archivos de origen</Filter>
    </ClCompile>
    <ClCompile Include="source\particle\forceGenerators\ParticleBuoyancy.cpp">
      <Filter>Archivos de origen\particle\forceGenerator</Filter>
    </ClCompile>
    <ClCompile Include="source\particle\forceGenerators\ParticleImpulse.cpp">
      <Filter>Archivos de origen\particle\forceGenerator</Filter>
    </ClCompile>
    <ClCompile Include="source\particle\collisionProcessing\ParticleContact.cpp">
      <Filter>Archivos de origen\particle\collisionProcessing</Filter>
    </ClCompile>
    <ClCompile Include="source\particle\collisionProcessing\ParticleContactResolver.cpp">
      <Filter>Archivos de origen\particle\collisionProcessing</Filter>
    </ClCompile>
    <ClCompile Include="source\particle\collisionProcessing\ParticleCable.cpp">
      <Filter>Archivos de origen\particle\collisionProcessing</Filter>
    </ClCompile>
    <ClCompile Include="source\particle\collisionProcessing\ParticleLink.cpp">
      <Filter>Archivos de origen\particle\collisionProcessing</Filter>
    </ClCompile>
    <ClCompile Include="source\particle\collisionProcessing\ParticleRod.cpp">
      <Filter>Archivos de origen\particle\collisionProcessing</Filter>
    </ClCompile>
    <ClCompile Include="source\rigidbody\RigidBody.cpp">
      <Filter>Archivos de origen\rigidbody</Filter>
    </ClCompile>
    <ClCompile Include="source\particle\ParticlePhysicsEngine.cpp">
      <Filter>Archivos de origen\particle</Filter>
    </ClCompile>
    <ClCompile Include="source\rigidbody\RigidBodyPhysicsEngine.cpp">
      <Filter>Archivos de origen\rigidbody</Filter>
    </ClCompile>
    <ClCompile Include="source\rigidbody\forceGenerators\RigidBodyGravity.cpp">
      <Filter>Archivos de origen\rigidbody\forceGenerators</Filter>
    </ClCompile>
    <ClCompile Include="source\rigidbody\forceGenerators\RigidBodyBuoyancy.cpp">
      <Filter>Archivos de origen\rigidbody\forceGenerators</Filter>
    </ClCompile>
    <ClCompile Include="source\rigidbody\forceGenerators\RigidBodyDrag.cpp">
      <Filter>Archivos de origen\rigidbody\forceGenerators</Filter>
    </ClCompile>
    <ClCompile Include="source\PhysicsObject.cpp">
      <Filter>Archivos de origen</Filter>
    </ClCompile>
    <ClCompile Include="source\utils\Math.cpp">
      <Filter>Archivos de origen\utils</Filter>
    </ClCompile>
  </ItemGroup>
</Project>